// !$*UTF8*$!
{
	archiveVersion = 1;
	classes = {
	};
	objectVersion = 46;
	objects = {

/* Begin PBXBuildFile section */
		E4C485701A586A91000601FB /* main.m in Sources */ = {isa = PBXBuildFile; fileRef = E4C4856F1A586A91000601FB /* main.m */; };
		E4C485731A586A91000601FB /* AppDelegate.m in Sources */ = {isa = PBXBuildFile; fileRef = E4C485721A586A91000601FB /* AppDelegate.m */; };
		E4C485761A586A91000601FB /* MasterViewController.m in Sources */ = {isa = PBXBuildFile; fileRef = E4C485751A586A91000601FB /* MasterViewController.m */; };
		E4C485791A586A91000601FB /* DetailViewController.m in Sources */ = {isa = PBXBuildFile; fileRef = E4C485781A586A91000601FB /* DetailViewController.m */; };
		E4C4857C1A586A91000601FB /* Main.storyboard in Resources */ = {isa = PBXBuildFile; fileRef = E4C4857A1A586A91000601FB /* Main.storyboard */; };
		E4C4857E1A586A91000601FB /* Images.xcassets in Resources */ = {isa = PBXBuildFile; fileRef = E4C4857D1A586A91000601FB /* Images.xcassets */; };
		E4C485811A586A91000601FB /* LaunchScreen.xib in Resources */ = {isa = PBXBuildFile; fileRef = E4C4857F1A586A91000601FB /* LaunchScreen.xib */; };
		E4C4858D1A586A91000601FB /* SpinCityTests.m in Sources */ = {isa = PBXBuildFile; fileRef = E4C4858C1A586A91000601FB /* SpinCityTests.m */; };
/* End PBXBuildFile section */

/* Begin PBXContainerItemProxy section */
		E4C485871A586A91000601FB /* PBXContainerItemProxy */ = {
			isa = PBXContainerItemProxy;
			containerPortal = E4C485621A586A90000601FB /* Project object */;
			proxyType = 1;
			remoteGlobalIDString = E4C485691A586A90000601FB;
			remoteInfo = SpinCity;
		};
/* End PBXContainerItemProxy section */

/* Begin PBXFileReference section */
		E4C4856A1A586A91000601FB /* SpinCity.app */ = {isa = PBXFileReference; explicitFileType = wrapper.application; includeInIndex = 0; path = SpinCity.app; sourceTree = BUILT_PRODUCTS_DIR; };
		E4C4856E1A586A91000601FB /* Info.plist */ = {isa = PBXFileReference; lastKnownFileType = text.plist.xml; path = Info.plist; sourceTree = "<group>"; };
		E4C4856F1A586A91000601FB /* main.m */ = {isa = PBXFileReference; lastKnownFileType = sourcecode.c.objc; path = main.m; sourceTree = "<group>"; };
		E4C485711A586A91000601FB /* AppDelegate.h */ = {isa = PBXFileReference; lastKnownFileType = sourcecode.c.h; path = AppDelegate.h; sourceTree = "<group>"; };
		E4C485721A586A91000601FB /* AppDelegate.m */ = {isa = PBXFileReference; lastKnownFileType = sourcecode.c.objc; path = AppDelegate.m; sourceTree = "<group>"; };
		E4C485741A586A91000601FB /* MasterViewController.h */ = {isa = PBXFileReference; lastKnownFileType = sourcecode.c.h; path = MasterViewController.h; sourceTree = "<group>"; };
		E4C485751A586A91000601FB /* MasterViewController.m */ = {isa = PBXFileReference; lastKnownFileType = sourcecode.c.objc; path = MasterViewController.m; sourceTree = "<group>"; };
		E4C485771A586A91000601FB /* DetailViewController.h */ = {isa = PBXFileReference; lastKnownFileType = sourcecode.c.h; path = DetailViewController.h; sourceTree = "<group>"; };
		E4C485781A586A91000601FB /* DetailViewController.m */ = {isa = PBXFileReference; lastKnownFileType = sourcecode.c.objc; path = DetailViewController.m; sourceTree = "<group>"; };
		E4C4857B1A586A91000601FB /* Base */ = {isa = PBXFileReference; lastKnownFileType = file.storyboard; name = Base; path = Base.lproj/Main.storyboard; sourceTree = "<group>"; };
		E4C4857D1A586A91000601FB /* Images.xcassets */ = {isa = PBXFileReference; lastKnownFileType = folder.assetcatalog; path = Images.xcassets; sourceTree = "<group>"; };
		E4C485801A586A91000601FB /* Base */ = {isa = PBXFileReference; lastKnownFileType = file.xib; name = Base; path = Base.lproj/LaunchScreen.xib; sourceTree = "<group>"; };
		E4C485861A586A91000601FB /* SpinCityTests.xctest */ = {isa = PBXFileReference; explicitFileType = wrapper.cfbundle; includeInIndex = 0; path = SpinCityTests.xctest; sourceTree = BUILT_PRODUCTS_DIR; };
		E4C4858B1A586A91000601FB /* Info.plist */ = {isa = PBXFileReference; lastKnownFileType = text.plist.xml; path = Info.plist; sourceTree = "<group>"; };
		E4C4858C1A586A91000601FB /* SpinCityTests.m */ = {isa = PBXFileReference; lastKnownFileType = sourcecode.c.objc; path = SpinCityTests.m; sourceTree = "<group>"; };
/* End PBXFileReference section */

/* Begin PBXFrameworksBuildPhase section */
		E4C485671A586A90000601FB /* Frameworks */ = {
			isa = PBXFrameworksBuildPhase;
			buildActionMask = 2147483647;
			files = (
			);
			runOnlyForDeploymentPostprocessing = 0;
		};
		E4C485831A586A91000601FB /* Frameworks */ = {
			isa = PBXFrameworksBuildPhase;
			buildActionMask = 2147483647;
			files = (
			);
			runOnlyForDeploymentPostprocessing = 0;
		};
/* End PBXFrameworksBuildPhase section */

/* Begin PBXGroup section */
		E4C485611A586A90000601FB = {
			isa = PBXGroup;
			children = (
				E4C4856C1A586A91000601FB /* SpinCity */,
				E4C485891A586A91000601FB /* SpinCityTests */,
				E4C4856B1A586A91000601FB /* Products */,
			);
			sourceTree = "<group>";
		};
		E4C4856B1A586A91000601FB /* Products */ = {
			isa = PBXGroup;
			children = (
				E4C4856A1A586A91000601FB /* SpinCity.app */,
				E4C485861A586A91000601FB /* SpinCityTests.xctest */,
			);
			name = Products;
			sourceTree = "<group>";
		};
		E4C4856C1A586A91000601FB /* SpinCity */ = {
			isa = PBXGroup;
			children = (
				E4C485711A586A91000601FB /* AppDelegate.h */,
				E4C485721A586A91000601FB /* AppDelegate.m */,
				E4C485741A586A91000601FB /* MasterViewController.h */,
				E4C485751A586A91000601FB /* MasterViewController.m */,
				E4C485771A586A91000601FB /* DetailViewController.h */,
				E4C485781A586A91000601FB /* DetailViewController.m */,
				E4C4857A1A586A91000601FB /* Main.storyboard */,
				E4C4857D1A586A91000601FB /* Images.xcassets */,
				E4C4857F1A586A91000601FB /* LaunchScreen.xib */,
				E4C4856D1A586A91000601FB /* Supporting Files */,
			);
			path = SpinCity;
			sourceTree = "<group>";
		};
		E4C4856D1A586A91000601FB /* Supporting Files */ = {
			isa = PBXGroup;
			children = (
				E4C4856E1A586A91000601FB /* Info.plist */,
				E4C4856F1A586A91000601FB /* main.m */,
			);
			name = "Supporting Files";
			sourceTree = "<group>";
		};
		E4C485891A586A91000601FB /* SpinCityTests */ = {
			isa = PBXGroup;
			children = (
				E4C4858C1A586A91000601FB /* SpinCityTests.m */,
				E4C4858A1A586A91000601FB /* Supporting Files */,
			);
			path = SpinCityTests;
			sourceTree = "<group>";
		};
		E4C4858A1A586A91000601FB /* Supporting Files */ = {
			isa = PBXGroup;
			children = (
				E4C4858B1A586A91000601FB /* Info.plist */,
			);
			name = "Supporting Files";
			sourceTree = "<group>";
		};
/* End PBXGroup section */

/* Begin PBXNativeTarget section */
		E4C485691A586A90000601FB /* SpinCity */ = {
			isa = PBXNativeTarget;
			buildConfigurationList = E4C485901A586A91000601FB /* Build configuration list for PBXNativeTarget "SpinCity" */;
			buildPhases = (
				E4C485661A586A90000601FB /* Sources */,
				E4C485671A586A90000601FB /* Frameworks */,
				E4C485681A586A90000601FB /* Resources */,
			);
			buildRules = (
			);
			dependencies = (
			);
			name = SpinCity;
			productName = SpinCity;
			productReference = E4C4856A1A586A91000601FB /* SpinCity.app */;
			productType = "com.apple.product-type.application";
		};
		E4C485851A586A91000601FB /* SpinCityTests */ = {
			isa = PBXNativeTarget;
			buildConfigurationList = E4C485931A586A91000601FB /* Build configuration list for PBXNativeTarget "SpinCityTests" */;
			buildPhases = (
				E4C485821A586A91000601FB /* Sources */,
				E4C485831A586A91000601FB /* Frameworks */,
				E4C485841A586A91000601FB /* Resources */,
			);
			buildRules = (
			);
			dependencies = (
				E4C485881A586A91000601FB /* PBXTargetDependency */,
			);
			name = SpinCityTests;
			productName = SpinCityTests;
			productReference = E4C485861A586A91000601FB /* SpinCityTests.xctest */;
			productType = "com.apple.product-type.bundle.unit-test";
		};
/* End PBXNativeTarget section */

/* Begin PBXProject section */
		E4C485621A586A90000601FB /* Project object */ = {
			isa = PBXProject;
			attributes = {
				LastUpgradeCheck = 0610;
				ORGANIZATIONNAME = "Ron Mulero, LLC";
				TargetAttributes = {
					E4C485691A586A90000601FB = {
						CreatedOnToolsVersion = 6.1.1;
					};
					E4C485851A586A91000601FB = {
						CreatedOnToolsVersion = 6.1.1;
						TestTargetID = E4C485691A586A90000601FB;
					};
				};
			};
			buildConfigurationList = E4C485651A586A90000601FB /* Build configuration list for PBXProject "SpinCity" */;
			compatibilityVersion = "Xcode 3.2";
			developmentRegion = English;
			hasScannedForEncodings = 0;
			knownRegions = (
				en,
				Base,
			);
			mainGroup = E4C485611A586A90000601FB;
			productRefGroup = E4C4856B1A586A91000601FB /* Products */;
			projectDirPath = "";
			projectRoot = "";
			targets = (
				E4C485691A586A90000601FB /* SpinCity */,
				E4C485851A586A91000601FB /* SpinCityTests */,
			);
		};
/* End PBXProject section */

/* Begin PBXResourcesBuildPhase section */
		E4C485681A586A90000601FB /* Resources */ = {
			isa = PBXResourcesBuildPhase;
			buildActionMask = 2147483647;
			files = (
				E4C4857C1A586A91000601FB /* Main.storyboard in Resources */,
				E4C485811A586A91000601FB /* LaunchScreen.xib in Resources */,
				E4C4857E1A586A91000601FB /* Images.xcassets in Resources */,
			);
			runOnlyForDeploymentPostprocessing = 0;
		};
		E4C485841A586A91000601FB /* Resources */ = {
			isa = PBXResourcesBuildPhase;
			buildActionMask = 2147483647;
			files = (
			);
			runOnlyForDeploymentPostprocessing = 0;
		};
/* End PBXResourcesBuildPhase section */

/* Begin PBXSourcesBuildPhase section */
		E4C485661A586A90000601FB /* Sources */ = {
			isa = PBXSourcesBuildPhase;
			buildActionMask = 2147483647;
			files = (
				E4C485731A586A91000601FB /* AppDelegate.m in Sources */,
				E4C485761A586A91000601FB /* MasterViewController.m in Sources */,
				E4C485701A586A91000601FB /* main.m in Sources */,
				E4C485791A586A91000601FB /* DetailViewController.m in Sources */,
			);
			runOnlyForDeploymentPostprocessing = 0;
		};
		E4C485821A586A91000601FB /* Sources */ = {
			isa = PBXSourcesBuildPhase;
			buildActionMask = 2147483647;
			files = (
				E4C4858D1A586A91000601FB /* SpinCityTests.m in Sources */,
			);
			runOnlyForDeploymentPostprocessing = 0;
		};
/* End PBXSourcesBuildPhase section */

/* Begin PBXTargetDependency section */
		E4C485881A586A91000601FB /* PBXTargetDependency */ = {
			isa = PBXTargetDependency;
			target = E4C485691A586A90000601FB /* SpinCity */;
			targetProxy = E4C485871A586A91000601FB /* PBXContainerItemProxy */;
		};
/* End PBXTargetDependency section */

/* Begin PBXVariantGroup section */
		E4C4857A1A586A91000601FB /* Main.storyboard */ = {
			isa = PBXVariantGroup;
			children = (
				E4C4857B1A586A91000601FB /* Base */,
			);
			name = Main.storyboard;
			sourceTree = "<group>";
		};
		E4C4857F1A586A91000601FB /* LaunchScreen.xib */ = {
			isa = PBXVariantGroup;
			children = (
				E4C485801A586A91000601FB /* Base */,
			);
			name = LaunchScreen.xib;
			sourceTree = "<group>";
		};
/* End PBXVariantGroup section */

/* Begin XCBuildConfiguration section */
		E4C4858E1A586A91000601FB /* Debug */ = {
			isa = XCBuildConfiguration;
			buildSettings = {
				ALWAYS_SEARCH_USER_PATHS = NO;
				CLANG_CXX_LANGUAGE_STANDARD = "gnu++0x";
				CLANG_CXX_LIBRARY = "libc++";
				CLANG_ENABLE_MODULES = YES;
				CLANG_ENABLE_OBJC_ARC = YES;
				CLANG_WARN_BOOL_CONVERSION = YES;
				CLANG_WARN_CONSTANT_CONVERSION = YES;
				CLANG_WARN_DIRECT_OBJC_ISA_USAGE = YES_ERROR;
				CLANG_WARN_EMPTY_BODY = YES;
				CLANG_WARN_ENUM_CONVERSION = YES;
				CLANG_WARN_INT_CONVERSION = YES;
				CLANG_WARN_OBJC_ROOT_CLASS = YES_ERROR;
				CLANG_WARN_UNREACHABLE_CODE = YES;
				CLANG_WARN__DUPLICATE_METHOD_MATCH = YES;
				"CODE_SIGN_IDENTITY[sdk=iphoneos*]" = "iPhone Developer";
				COPY_PHASE_STRIP = NO;
				ENABLE_STRICT_OBJC_MSGSEND = YES;
				GCC_C_LANGUAGE_STANDARD = gnu99;
				GCC_DYNAMIC_NO_PIC = NO;
				GCC_OPTIMIZATION_LEVEL = 0;
				GCC_PREPROCESSOR_DEFINITIONS = (
					"DEBUG=1",
					"$(inherited)",
				);
				GCC_SYMBOLS_PRIVATE_EXTERN = NO;
				GCC_WARN_64_TO_32_BIT_CONVERSION = YES;
				GCC_WARN_ABOUT_RETURN_TYPE = YES_ERROR;
				GCC_WARN_UNDECLARED_SELECTOR = YES;
				GCC_WARN_UNINITIALIZED_AUTOS = YES_AGGRESSIVE;
				GCC_WARN_UNUSED_FUNCTION = YES;
				GCC_WARN_UNUSED_VARIABLE = YES;
				IPHONEOS_DEPLOYMENT_TARGET = 8.1;
				MTL_ENABLE_DEBUG_INFO = YES;
				ONLY_ACTIVE_ARCH = YES;
				SDKROOT = iphoneos;
			};
			name = Debug;
		};
		E4C4858F1A586A91000601FB /* Release */ = {
			isa = XCBuildConfiguration;
			buildSettings = {
				ALWAYS_SEARCH_USER_PATHS = NO;
				CLANG_CXX_LANGUAGE_STANDARD = "gnu++0x";
				CLANG_CXX_LIBRARY = "libc++";
				CLANG_ENABLE_MODULES = YES;
				CLANG_ENABLE_OBJC_ARC = YES;
				CLANG_WARN_BOOL_CONVERSION = YES;
				CLANG_WARN_CONSTANT_CONVERSION = YES;
				CLANG_WARN_DIRECT_OBJC_ISA_USAGE = YES_ERROR;
				CLANG_WARN_EMPTY_BODY = YES;
				CLANG_WARN_ENUM_CONVERSION = YES;
				CLANG_WARN_INT_CONVERSION = YES;
				CLANG_WARN_OBJC_ROOT_CLASS = YES_ERROR;
				CLANG_WARN_UNREACHABLE_CODE = YES;
				CLANG_WARN__DUPLICATE_METHOD_MATCH = YES;
				"CODE_SIGN_IDENTITY[sdk=iphoneos*]" = "iPhone Developer";
				COPY_PHASE_STRIP = YES;
				ENABLE_NS_ASSERTIONS = NO;
				ENABLE_STRICT_OBJC_MSGSEND = YES;
				GCC_C_LANGUAGE_STANDARD = gnu99;
				GCC_WARN_64_TO_32_BIT_CONVERSION = YES;
				GCC_WARN_ABOUT_RETURN_TYPE = YES_ERROR;
				GCC_WARN_UNDECLARED_SELECTOR = YES;
				GCC_WARN_UNINITIALIZED_AUTOS = YES_AGGRESSIVE;
				GCC_WARN_UNUSED_FUNCTION = YES;
				GCC_WARN_UNUSED_VARIABLE = YES;
				IPHONEOS_DEPLOYMENT_TARGET = 8.1;
				MTL_ENABLE_DEBUG_INFO = NO;
				SDKROOT = iphoneos;
				VALIDATE_PRODUCT = YES;
			};
			name = Release;
		};
		E4C485911A586A91000601FB /* Debug */ = {
			isa = XCBuildConfiguration;
			buildSettings = {
				ASSETCATALOG_COMPILER_APPICON_NAME = AppIcon;
				INFOPLIST_FILE = SpinCity/Info.plist;
				LD_RUNPATH_SEARCH_PATHS = "$(inherited) @executable_path/Frameworks";
				PRODUCT_NAME = "$(TARGET_NAME)";
			};
			name = Debug;
		};
		E4C485921A586A91000601FB /* Release */ = {
			isa = XCBuildConfiguration;
			buildSettings = {
				ASSETCATALOG_COMPILER_APPICON_NAME = AppIcon;
				INFOPLIST_FILE = SpinCity/Info.plist;
				LD_RUNPATH_SEARCH_PATHS = "$(inherited) @executable_path/Frameworks";
				PRODUCT_NAME = "$(TARGET_NAME)";
			};
			name = Release;
		};
		E4C485941A586A91000601FB /* Debug */ = {
			isa = XCBuildConfiguration;
			buildSettings = {
				BUNDLE_LOADER = "$(TEST_HOST)";
				FRAMEWORK_SEARCH_PATHS = (
					"$(SDKROOT)/Developer/Library/Frameworks",
					"$(inherited)",
				);
				GCC_PREPROCESSOR_DEFINITIONS = (
					"DEBUG=1",
					"$(inherited)",
				);
				INFOPLIST_FILE = SpinCityTests/Info.plist;
				LD_RUNPATH_SEARCH_PATHS = "$(inherited) @executable_path/Frameworks @loader_path/Frameworks";
				PRODUCT_NAME = "$(TARGET_NAME)";
				TEST_HOST = "$(BUILT_PRODUCTS_DIR)/SpinCity.app/SpinCity";
			};
			name = Debug;
		};
		E4C485951A586A91000601FB /* Release */ = {
			isa = XCBuildConfiguration;
			buildSettings = {
				BUNDLE_LOADER = "$(TEST_HOST)";
				FRAMEWORK_SEARCH_PATHS = (
					"$(SDKROOT)/Developer/Library/Frameworks",
					"$(inherited)",
				);
				INFOPLIST_FILE = SpinCityTests/Info.plist;
				LD_RUNPATH_SEARCH_PATHS = "$(inherited) @executable_path/Frameworks @loader_path/Frameworks";
				PRODUCT_NAME = "$(TARGET_NAME)";
				TEST_HOST = "$(BUILT_PRODUCTS_DIR)/SpinCity.app/SpinCity";
			};
			name = Release;
		};
/* End XCBuildConfiguration section */

/* Begin XCConfigurationList section */
		E4C485651A586A90000601FB /* Build configuration list for PBXProject "SpinCity" */ = {
			isa = XCConfigurationList;
			buildConfigurations = (
				E4C4858E1A586A91000601FB /* Debug */,
				E4C4858F1A586A91000601FB /* Release */,
			);
			defaultConfigurationIsVisible = 0;
			defaultConfigurationName = Release;
		};
		E4C485901A586A91000601FB /* Build configuration list for PBXNativeTarget "SpinCity" */ = {
			isa = XCConfigurationList;
			buildConfigurations = (
				E4C485911A586A91000601FB /* Debug */,
				E4C485921A586A91000601FB /* Release */,
			);
			defaultConfigurationIsVisible = 0;
		};
		E4C485931A586A91000601FB /* Build configuration list for PBXNativeTarget "SpinCityTests" */ = {
			isa = XCConfigurationList;
			buildConfigurations = (
				E4C485941A586A91000601FB /* Debug */,
				E4C485951A586A91000601FB /* Release */,
			);
			defaultConfigurationIsVisible = 0;
		};
/* End XCConfigurationList section */
	};
	rootObject = E4C485621A586A90000601FB /* Project object */;
}
